github.com/coreos/go-semver v0.3.1 h1:yi21YpKnrx1gt5R+la8n5WgS0kCrsPp33dmEyHReZr4=
github.com/coreos/go-semver v0.3.1/go.mod h1:irMmmIw/7yzSRPWryHsK7EYSg09caPQL03VsM8rvUec=
github.com/creack/pty v1.1.9/go.mod h1:oKZEueFk5CKHvIhNR5MUki03XCEU+Q6VDXinZuGJ33E=
github.com/davecgh/go-spew v1.1.0/go.mod h1:J7Y8YcW2NihsgmVo/mv3lAwl/skON4iLHjSsI+c5H38=
github.com/davecgh/go-spew v1.1.1 h1:vj9j/u1bqnvCEfJOwUhtlOARqs3+rkHYY13jYWTU97c=
github.com/davecgh/go-spew v1.1.1/go.mod h1:J7Y8YcW2NihsgmVo/mv3lAwl/skON4iLHjSsI+c5H38=
github.com/flynn/hid v0.0.0-20190502022136-f1b9b6cc019a h1:fsyWnwbywFpHJS4T55vDW+UUeWP2WomJbB45/jf4If4=
github.com/flynn/hid v0.0.0-20190502022136-f1b9b6cc019a/go.mod h1:Osz+xPHFsGWK9kZCEVcwXazcF/CHjscCVZosNFgwUIY=
github.com/flynn/u2f v0.0.0-20180613185708-15554eb68e5d h1:2D6Rp/MRcrKnRFr7kfgBOJnJPFN0jPfc36ggct5MaK0=
github.com/flynn/u2f v0.0.0-20180613185708-15554eb68e5d/go.mod h1:shcCQPgKtaJz4obqb6Si031WgtSrW+Tj+ZLq/mRNrM8=
github.com/ghodss/yaml v1.0.0 h1:wQHKEahhL6wmXdzwWG11gIVCkOv05bNOh+Rxn0yngAk=
github.com/ghodss/yaml v1.0.0/go.mod h1:4dBDuWmgqj2HViK6kFavaiC9ZROes6MMH2rRYeMEF04=
github.com/go-logr/logr v0.1.0/go.mod h1:ixOQHD9gLJUVQQ2ZOR7zLEifBX6tGkNJF4QyIY7sIas=
github.com/google/btree v1.1.2 h1:xf4v41cLI2Z6FxbKm+8Bu+m8ifhj15JuZ9sa0jZCMUU=
github.com/google/btree v1.1.2/go.mod h1:qOPhT0dTNdNzV6Z/lhRX0YXUafgPLFUh+gZMl761Gm4=
github.com/google/go-cmp v0.6.0 h1:ofyhxvXcZhMsU5ulbFiLKl/XBFqE1GSq7atu8tAmTRI=
github.com/google/go-cmp v0.6.0/go.mod h1:17dUlkBOakJ0+DkrSSNjCkIjxS6bF9zb3elmeNGIjoY=
github.com/gsora/fidati v0.0.0-20230806170658-ab651720d7c3 h1:zugXhdIprbuLMfR3ATkt5+YRx9VMBJgjPn1IDwluvJs=
github.com/gsora/fidati v0.0.0-20230806170658-ab651720d7c3/go.mod h1:pqELFmXT+lU57T8pIGwPSOODIvRv/r/lwxlJX0UupvY=
github.com/kr/pretty v0.2.1/go.mod h1:ipq/a2n7PKx3OHsz4KJII5eveXtPO4qwEXGdVfWzfnI=
github.com/kr/pretty v0.3.1 h1:flRD4NNwYAUpkphVc1HcthR4KEIFJ65n8Mw5qdRn3LE=
github.com/kr/pretty v0.3.1/go.mod h1:hoEshYVHaxMs3cyo3Yncou5ZscifuDolrwPKZanG3xk=
github.com/kr/pty v1.1.1/go.mod h1:pFQYn66WHrOpPYNljwOMqo10TkYh1fy3cYio2l3bCsQ=
github.com/kr/text v0.1.0/go.mod h1:4Jbv+DJW3UT/LiOwJeYQe1efqtUx/iVham/4vfdArNI=
github.com/kr/text v0.2.0 h1:5Nx0Ya0ZqY2ygV366QzturHI13Jq95ApcVaJBhpS+AY=
github.com/kr/text v0.2.0/go.mod h1:eLer722TekiGuMkidMxC/pM04lWEeraHUUmBw8l2grE=
github.com/pierrec/lz4/v4 v4.1.14 h1:+fL8AQEZtz/ijeNnpduH0bROTu0O3NZAlPjQxGn8LwE=
github.com/pierrec/lz4/v4 v4.1.14/go.mod h1:gZWDp/Ze/IJXGXf23ltt2EXimqmTUXEy0GFuRQyBid4=
github.com/pkg/diff v0.0.0-20210226163009-20ebb0f2a09e/go.mod h1:pJLUxLENpZxwdsKMEsNbx1VGcRFpLqf3715MtcvvzbA=
github.com/pmezard/go-difflib v1.0.0 h1:4DBwDE0NGyQoBHbLQYPwSUPoCMWR5BEzIk/f1lZbAQM=
github.com/pmezard/go-difflib v1.0.0/go.mod h1:iKH77koFhYxTK1pcRnkKkqfTogsbg7gZNVY4sRDYZ/4=
github.com/rakyll/statik v0.1.7/go.mod h1:AlZONWzMtEnMs7W4e/1LURLiI49pIMmp6V9Unghqrcc=
github.com/rogpeppe/go-internal v1.9.0 h1:73kH8U+JUqXU8lRuOHeVHaa/SZPifC7BkcraZVejAe8=
github.com/rogpeppe/go-internal v1.9.0/go.mod h1:WtVeX8xhTBvf0smdhujwtBcq4Qrzq/fJaraNFVN+nFs=
github.com/smallnest/ringbuffer v0.0.0-20230728150354-35801fa39d0e h1:KHiRfgBfn0d3lv2kXs4iayASb6TdInNNIHe75zX0sqg=
github.com/smallnest/ringbuffer v0.0.0-20230728150354-35801fa39d0e/go.mod h1:mXcZNMJHswhQDDJZIjdtJoG97JIwIa/HdcHNM3w15T0=
github.com/stretchr/objx v0.1.0/go.mod h1:HFkY916IF+rwdDfMAkV7OtwuqBVzrE8GR6GFx+wExME=
github.com/stretchr/objx v0.4.0/go.mod h1:YvHI0jy2hoMjB+UWwv71VJQ9isScKT/TqJzVSSt89Yw=
github.com/stretchr/objx v0.5.0/go.mod h1:Yh+to48EsGEfYuaHDzXPcE3xhTkx73EhmCGUpEOglKo=
github.com/stretchr/testify v1.7.1/go.mod h1:6Fq8oRcR53rry900zMqJjRRixrwX3KX962/h/Wwjteg=
github.com/stretchr/testify v1.8.0/go.mod h1:yNjHg4UonilssWZ8iaSj1OCr/vHnekPRkoO+kdMU+MU=
github.com/stretchr/testify v1.8.2 h1:+h33VjcLVPDHtOdpUCuF+7gSuG3yGIftsP1YvFihtJ8=
github.com/stretchr/testify v1.8.2/go.mod h1:w2LPCIKwWwSfY2zedu0+kehJoqGctiVI29o6fzry7u4=
github.com/transparency-dev/armored-witness-boot v0.1.0 h1:OBlz71PCmPju9cDI1VEmyhBG+Vvxg5q+dBlkdUsTjM0=
github.com/transparency-dev/armored-witness-boot v0.1.0/go.mod h1:XpiSLWNiDplWVYjtR1FY/wyFqiWK++5pLCiYe3PZZC8=
github.com/transparency-dev/armored-witness-common v0.0.0-20240313170947-0b19d0fb8b95 h1:qOh9vp/TLfJ1X46bk756se0wdlKHSV2TrGUMa3kz91w=
github.com/transparency-dev/armored-witness-common v0.0.0-20240313170947-0b19d0fb8b95/go.mod h1:cb6aKsLVU2OUk8+UjD8xvzxU84miHXLMHJaxO2gHDus=
github.com/transparency-dev/formats v0.0.0-20230920083814-0f75b1d4e813 h1:PHklaeYyhPsbhWt+MnKpBvJrsJGkPEaU1JutMj4wNqM=
github.com/transparency-dev/formats v0.0.0-20230920083814-0f75b1d4e813/go.mod h1:J2NdDb6IhKIvF6MwCvKikz9/QStRylEtS2mv+En+jBg=
github.com/transparency-dev/merkle v0.0.2 h1:Q9nBoQcZcgPamMkGn7ghV8XiTZ/kRxn1yCG81+twTK4=
github.com/transparency-dev/merkle v0.0.2/go.mod h1:pqSy+OXefQ1EDUVmAJ8MUhHB9TXGuzVAT58PqBoHz1A=
github.com/transparency-dev/serverless-log v0.0.0-20231215122707-66f68a7705f5 h1:jD3VKdFO2BKl8PfDSFuMvMoMekqMBPxKgvF1H2FPXTw=
github.com/transparency-dev/serverless-log v0.0.0-20231215122707-66f68a7705f5/go.mod h1:rx4EB9NW4aZFJT5kxf6BWRWbZSThl36jv7O5o5r/qv8=
github.com/u-root/u-root v0.14.0 h1:Ka4T10EEML7dQ5XDvO9c3MBN8z4nuSnGjcd1jmU2ivg=
github.com/u-root/u-root v0.14.0/go.mod h1:hAyZorapJe4qzbLWlAkmSVCJGbfoU9Pu4jpJ1WMluqE=
github.com/u-root/uio v0.0.0-20240209044354-b3d14b93376a h1:BH1SOPEvehD2kVrndDnGJiUF0TrBpNs+iyYocu6h0og=
github.com/u-root/uio v0.0.0-20240209044354-b3d14b93376a/go.mod h1:P3a5rG4X7tI17Nn3aOIAYr5HbIMukwXG0urG0WuL8OA=
github.com/usbarmory/GoTEE v0.0.0-20240913144333-7e62563c0628 h1:PGlLJYe1YMmzmSYXhEkOSXSrQjV/mXk6CNk5LTgnndM=
github.com/usbarmory/GoTEE v0.0.0-20240913144333-7e62563c0628/go.mod h1:solbXmDpRv6u6CmfHiFi3rwsYoTlZXToith669WnvgM=
github.com/usbarmory/armory-boot v0.0.0-20240924115649-09d0327c3c99 h1:gDYQA/MDwqfTW5kRIqMcZ/rLlMwSyHJ9fIoWDIBCTLw=
github.com/usbarmory/armory-boot v0.0.0-20240924115649-09d0327c3c99/go.mod h1:rhSWQ269NlXN2Nn3qZawWjqXBgbxtnx118RbJ2H6IlQ=
github.com/usbarmory/crucible v0.0.0-20240221192724-1595f2219655 h1:n3JkWqsxKsbX2SKy+ac3v2rgEmTWfA/s0SC5kHlJGBY=
github.com/usbarmory/crucible v0.0.0-20240221192724-1595f2219655/go.mod h1:xEDojciFHw8iteMACinYDeHDn07V9MiS0KO0uCLRRnk=
github.com/usbarmory/imx-usbnet v0.0.0-20240304152630-ca189bf3b3c1 h1:Ba8KE+wt6bvbAqnN0lKjRwtdX6ud8J7Z2X2Ds+crEJQ=
github.com/usbarmory/imx-usbnet v0.0.0-20240304152630-ca189bf3b3c1/go.mod h1:gJsQWSa5rjprEZb8/NqDzoOPxk6LTuEPsPiqpbrEUjw=
github.com/usbarmory/imx-usbserial v0.0.0-20230503192150-40b6298b31f8 h1:VPruqXJEJxTweSRyx3NIkiIqQl9ppZHp4wZnL8+Y0aI=
github.com/usbarmory/imx-usbserial v0.0.0-20230503192150-40b6298b31f8/go.mod h1:XfTrYj8Ik3ljit1cSHTcsXs7lyJ/QMsplPDX8+g5s7c=
github.com/usbarmory/tamago v0.0.0-20220823080407-04f05cf2a5a3/go.mod h1:Lok79mjbJnhoBGqhX5cCUsZtSemsQF5FNZW+2R1dRr8=
github.com/usbarmory/tamago v0.0.0-20250327164348-77f2a17385b6 h1:bUPSnUv06M5Ds+iq3MRD+pgQOjozfX3wzEzkzxpeUgo=
github.com/usbarmory/tamago v0.0.0-20250327164348-77f2a17385b6/go.mod h1:NL88q9ZsIPYFzXaosAeKgu1Kr5i1k4Rau3wnbNBL5bY=
golang.org/x/crypto v0.39.0 h1:SHs+kF4LP+f+p14esP5jAoDpHU8Gu/v9lFRK6IT5imM=
golang.org/x/crypto v0.39.0/go.mod h1:L+Xg3Wf6HoL4Bn4238Z6ft6KfEpN0tJGo53AAPC632U=
golang.org/x/exp v0.0.0-20240222234643-814bf88cf225 h1:LfspQV/FYTatPTr/3HzIcmiUFH7PGP+OQ6mgDYo3yuQ=
golang.org/x/exp v0.0.0-20240222234643-814bf88cf225/go.mod h1:CxmFvTBINI24O/j8iY7H1xHzx2i4OsyguNBmN/uPtqc=
golang.org/x/mod v0.25.0 h1:n7a+ZbQKQA/Ysbyb0/6IbB1H/X41mKgbhfv7AfG/44w=
golang.org/x/mod v0.25.0/go.mod h1:IXM97Txy2VM4PJ3gI61r1YEk/gAj6zAHN3AdZt6S9Ww=
golang.org/x/sys v0.33.0 h1:q3i8TbbEz+JRD9ywIRlyRAQbM0qF7hu24q3teo2hbuw=
golang.org/x/sys v0.33.0/go.mod h1:BJP2sWEmIv4KK5OTEluFJCKSidICx8ciO85XgH3Ak8k=
golang.org/x/time v0.5.0 h1:o7cqy6amK/52YcAKIPlM3a+Fpj35zvRj2TP+e1xFSfk=
golang.org/x/time v0.5.0/go.mod h1:3BpzKBy/shNhVucY/MWOyx10tF3SFh9QdLuxbVysPQM=
google.golang.org/protobuf v1.36.6 h1:z1NpPI8ku2WgiWnf+t9wTPsn6eP1L7ksHUlkfLvd9xY=
google.golang.org/protobuf v1.36.6/go.mod h1:jduwjTPXsFjZGTmRluh+L6NjiWu7pchiJ2/5YcXBHnY=
gopkg.in/check.v1 v0.0.0-20161208181325-20d25e280405/go.mod h1:Co6ibVJAznAaIkqp8huTwlJQCZ016jof/cbN4VW5Yz0=
gopkg.in/check.v1 v1.0.0-20201130134442-10cb98267c6c h1:Hei/4ADfdWqJk1ZMxUNpqntNwaWcugrBjAiHlqqRiVk=
gopkg.in/check.v1 v1.0.0-20201130134442-10cb98267c6c/go.mod h1:JHkPIbrfpd72SG/EVd6muEfDQjcINNoR0C8j2r3qZ4Q=
gopkg.in/yaml.v2 v2.4.0 h1:D8xgwECY7CYvx+Y2n4sBz93Jn9JRvxdiyyo8CTfuKaY=
gopkg.in/yaml.v2 v2.4.0/go.mod h1:RDklbk79AGWmwhnvt/jBztapEOGDOx6ZbXqjP6csGnQ=
gopkg.in/yaml.v3 v3.0.0-20200313102051-9f266ea9e77c/go.mod h1:K4uyk7z7BCEPqu6E+C64Yfv1cQ7kz7rIZviUmN+EgEM=
gopkg.in/yaml.v3 v3.0.1 h1:fxVm/GzAzEWqLHuvctI91KS9hhNmmWOoWu0XTYJS7CA=
gopkg.in/yaml.v3 v3.0.1/go.mod h1:K4uyk7z7BCEPqu6E+C64Yfv1cQ7kz7rIZviUmN+EgEM=
gvisor.dev/gvisor v0.0.0-20240303010120-901d232cd101 h1:CWRJeXAL2jYZUJ01nRvS/b4+UxZM+/Iwkv5aQcUHRaI=
gvisor.dev/gvisor v0.0.0-20240303010120-901d232cd101/go.mod h1:NQHVAzMwvZ+Qe3ElSiHmq9RUm1MdNHpUZ52fiEqvn+0=
k8s.io/klog v1.0.0 h1:Pt+yjF5aB1xDSVbau4VsWe+dQNzA0qv1LlXdC2dF6Q8=
k8s.io/klog v1.0.0/go.mod h1:4Bi6QPql/J/LkTDqv7R/cd3hPo4k2DG6Ptcz060Ez5I=
