github.com/VividCortex/ewma v1.2.0 h1:f58SaIzcDXrSy3kWaHNvuJgJ3Nmz59Zji6XoJR/q1ow=
github.com/VividCortex/ewma v1.2.0/go.mod h1:nz4BbCtbLyFDeC9SUHbtcT5644juEuWfUAUnGx7j5l4=
github.com/cheggaaa/pb/v3 v3.1.5 h1:QuuUzeM2WsAqG2gMqtzaWithDJv0i+i6UlnwSCI4QLk=
github.com/cheggaaa/pb/v3 v3.1.5/go.mod h1:CrxkeghYTXi1lQBEI7jSn+3svI3cuc19haAj6jM60XI=
github.com/coreos/go-semver v0.3.1 h1:yi21YpKnrx1gt5R+la8n5WgS0kCrsPp33dmEyHReZr4=
github.com/coreos/go-semver v0.3.1/go.mod h1:irMmmIw/7yzSRPWryHsK7EYSg09caPQL03VsM8rvUec=
github.com/creack/pty v1.1.9/go.mod h1:oKZEueFk5CKHvIhNR5MUki03XCEU+Q6VDXinZuGJ33E=
github.com/davecgh/go-spew v1.1.0/go.mod h1:J7Y8YcW2NihsgmVo/mv3lAwl/skON4iLHjSsI+c5H38=
github.com/davecgh/go-spew v1.1.1 h1:vj9j/u1bqnvCEfJOwUhtlOARqs3+rkHYY13jYWTU97c=
github.com/davecgh/go-spew v1.1.1/go.mod h1:J7Y8YcW2NihsgmVo/mv3lAwl/skON4iLHjSsI+c5H38=
github.com/fatih/color v1.15.0 h1:kOqh6YHBtK8aywxGerMG2Eq3H6Qgoqeo13Bk2Mv/nBs=
github.com/fatih/color v1.15.0/go.mod h1:0h5ZqXfHYED7Bhv2ZJamyIOUej9KtShiJESRwBDUSsw=
github.com/flynn/hid v0.0.0-20190502022136-f1b9b6cc019a h1:fsyWnwbywFpHJS4T55vDW+UUeWP2WomJbB45/jf4If4=
github.com/flynn/hid v0.0.0-20190502022136-f1b9b6cc019a/go.mod h1:Osz+xPHFsGWK9kZCEVcwXazcF/CHjscCVZosNFgwUIY=
github.com/flynn/u2f v0.0.0-20180613185708-15554eb68e5d h1:2D6Rp/MRcrKnRFr7kfgBOJnJPFN0jPfc36ggct5MaK0=
github.com/flynn/u2f v0.0.0-20180613185708-15554eb68e5d/go.mod h1:shcCQPgKtaJz4obqb6Si031WgtSrW+Tj+ZLq/mRNrM8=
github.com/ghodss/yaml v1.0.0 h1:wQHKEahhL6wmXdzwWG11gIVCkOv05bNOh+Rxn0yngAk=
github.com/ghodss/yaml v1.0.0/go.mod h1:4dBDuWmgqj2HViK6kFavaiC9ZROes6MMH2rRYeMEF04=
github.com/go-logr/logr v0.1.0/go.mod h1:ixOQHD9gLJUVQQ2ZOR7zLEifBX6tGkNJF4QyIY7sIas=
github.com/google/btree v1.1.2 h1:xf4v41cLI2Z6FxbKm+8Bu+m8ifhj15JuZ9sa0jZCMUU=
github.com/google/btree v1.1.2/go.mod h1:qOPhT0dTNdNzV6Z/lhRX0YXUafgPLFUh+gZMl761Gm4=
github.com/google/go-cmp v0.6.0 h1:ofyhxvXcZhMsU5ulbFiLKl/XBFqE1GSq7atu8tAmTRI=
github.com/google/go-cmp v0.6.0/go.mod h1:17dUlkBOakJ0+DkrSSNjCkIjxS6bF9zb3elmeNGIjoY=
github.com/gsora/fidati v0.0.0-20220824075547-eeb0a5f7d6c3 h1:klG3scbSLaGIvJO1p9wdTaHonsCSAcvNrX8vfa8LRd4=
github.com/gsora/fidati v0.0.0-20220824075547-eeb0a5f7d6c3/go.mod h1:pqELFmXT+lU57T8pIGwPSOODIvRv/r/lwxlJX0UupvY=
github.com/kr/pretty v0.2.1/go.mod h1:ipq/a2n7PKx3OHsz4KJII5eveXtPO4qwEXGdVfWzfnI=
github.com/kr/pretty v0.3.1 h1:flRD4NNwYAUpkphVc1HcthR4KEIFJ65n8Mw5qdRn3LE=
github.com/kr/pretty v0.3.1/go.mod h1:hoEshYVHaxMs3cyo3Yncou5ZscifuDolrwPKZanG3xk=
github.com/kr/pty v1.1.1/go.mod h1:pFQYn66WHrOpPYNljwOMqo10TkYh1fy3cYio2l3bCsQ=
github.com/kr/text v0.1.0/go.mod h1:4Jbv+DJW3UT/LiOwJeYQe1efqtUx/iVham/4vfdArNI=
github.com/kr/text v0.2.0 h1:5Nx0Ya0ZqY2ygV366QzturHI13Jq95ApcVaJBhpS+AY=
github.com/kr/text v0.2.0/go.mod h1:eLer722TekiGuMkidMxC/pM04lWEeraHUUmBw8l2grE=
github.com/mattn/go-colorable v0.1.13 h1:fFA4WZxdEF4tXPZVKMLwD8oUnCTTo08duU7wxecdEvA=
github.com/mattn/go-colorable v0.1.13/go.mod h1:7S9/ev0klgBDR4GtXTXX8a3vIGJpMovkB8vQcUbaXHg=
github.com/mattn/go-isatty v0.0.16/go.mod h1:kYGgaQfpe5nmfYZH+SKPsOc2e4SrIfOl2e/yFXSvRLM=
github.com/mattn/go-isatty v0.0.19 h1:JITubQf0MOLdlGRuRq+jtsDlekdYPia9ZFsB8h/APPA=
github.com/mattn/go-isatty v0.0.19/go.mod h1:W+V8PltTTMOvKvAeJH7IuucS94S2C6jfK/D7dTCTo3Y=
github.com/mattn/go-runewidth v0.0.15 h1:UNAjwbU9l54TA3KzvqLGxwWjHmMgBUVhBiTjelZgg3U=
github.com/mattn/go-runewidth v0.0.15/go.mod h1:Jdepj2loyihRzMpdS35Xk/zdY8IAYHsh153qUoGf23w=
github.com/pierrec/lz4/v4 v4.1.14 h1:+fL8AQEZtz/ijeNnpduH0bROTu0O3NZAlPjQxGn8LwE=
github.com/pierrec/lz4/v4 v4.1.14/go.mod h1:gZWDp/Ze/IJXGXf23ltt2EXimqmTUXEy0GFuRQyBid4=
github.com/pkg/diff v0.0.0-20210226163009-20ebb0f2a09e/go.mod h1:pJLUxLENpZxwdsKMEsNbx1VGcRFpLqf3715MtcvvzbA=
github.com/pmezard/go-difflib v1.0.0 h1:4DBwDE0NGyQoBHbLQYPwSUPoCMWR5BEzIk/f1lZbAQM=
github.com/pmezard/go-difflib v1.0.0/go.mod h1:iKH77koFhYxTK1pcRnkKkqfTogsbg7gZNVY4sRDYZ/4=
github.com/rakyll/statik v0.1.7/go.mod h1:AlZONWzMtEnMs7W4e/1LURLiI49pIMmp6V9Unghqrcc=
github.com/rivo/uniseg v0.2.0 h1:S1pD9weZBuJdFmowNwbpi7BJ8TNftyUImj/0WQi72jY=
github.com/rivo/uniseg v0.2.0/go.mod h1:J6wj4VEh+S6ZtnVlnTBMWIodfgj8LQOQFoIToxlJtxc=
github.com/rogpeppe/go-internal v1.9.0 h1:73kH8U+JUqXU8lRuOHeVHaa/SZPifC7BkcraZVejAe8=
github.com/rogpeppe/go-internal v1.9.0/go.mod h1:WtVeX8xhTBvf0smdhujwtBcq4Qrzq/fJaraNFVN+nFs=
github.com/smallnest/ringbuffer v0.0.0-20230728150354-35801fa39d0e h1:KHiRfgBfn0d3lv2kXs4iayASb6TdInNNIHe75zX0sqg=
github.com/smallnest/ringbuffer v0.0.0-20230728150354-35801fa39d0e/go.mod h1:mXcZNMJHswhQDDJZIjdtJoG97JIwIa/HdcHNM3w15T0=
github.com/stretchr/objx v0.1.0/go.mod h1:HFkY916IF+rwdDfMAkV7OtwuqBVzrE8GR6GFx+wExME=
github.com/stretchr/objx v0.4.0/go.mod h1:YvHI0jy2hoMjB+UWwv71VJQ9isScKT/TqJzVSSt89Yw=
github.com/stretchr/objx v0.5.0/go.mod h1:Yh+to48EsGEfYuaHDzXPcE3xhTkx73EhmCGUpEOglKo=
github.com/stretchr/testify v1.7.1/go.mod h1:6Fq8oRcR53rry900zMqJjRRixrwX3KX962/h/Wwjteg=
github.com/stretchr/testify v1.8.0/go.mod h1:yNjHg4UonilssWZ8iaSj1OCr/vHnekPRkoO+kdMU+MU=
github.com/stretchr/testify v1.8.2 h1:+h33VjcLVPDHtOdpUCuF+7gSuG3yGIftsP1YvFihtJ8=
github.com/stretchr/testify v1.8.2/go.mod h1:w2LPCIKwWwSfY2zedu0+kehJoqGctiVI29o6fzry7u4=
github.com/transparency-dev/armored-witness-boot v0.0.0-20230904140406-e2e16c7665b7 h1:3xrmiN4hwWi3nxvDo9asUWrNCjaPYBhF+rHpW97Fde0=
github.com/transparency-dev/armored-witness-boot v0.0.0-20230904140406-e2e16c7665b7/go.mod h1:GTj2zM9nwFe7G7gaXzIbkKJ/PkZfvVq4TdNiA6CBsdo=
github.com/transparency-dev/armored-witness-common v0.0.0-20240313170947-0b19d0fb8b95 h1:qOh9vp/TLfJ1X46bk756se0wdlKHSV2TrGUMa3kz91w=
github.com/transparency-dev/armored-witness-common v0.0.0-20240313170947-0b19d0fb8b95/go.mod h1:cb6aKsLVU2OUk8+UjD8xvzxU84miHXLMHJaxO2gHDus=
github.com/transparency-dev/formats v0.0.0-20230920083814-0f75b1d4e813 h1:PHklaeYyhPsbhWt+MnKpBvJrsJGkPEaU1JutMj4wNqM=
github.com/transparency-dev/formats v0.0.0-20230920083814-0f75b1d4e813/go.mod h1:J2NdDb6IhKIvF6MwCvKikz9/QStRylEtS2mv+En+jBg=
github.com/transparency-dev/merkle v0.0.2 h1:Q9nBoQcZcgPamMkGn7ghV8XiTZ/kRxn1yCG81+twTK4=
github.com/transparency-dev/merkle v0.0.2/go.mod h1:pqSy+OXefQ1EDUVmAJ8MUhHB9TXGuzVAT58PqBoHz1A=
github.com/transparency-dev/serverless-log v0.0.0-20231215122707-66f68a7705f5 h1:jD3VKdFO2BKl8PfDSFuMvMoMekqMBPxKgvF1H2FPXTw=
github.com/transparency-dev/serverless-log v0.0.0-20231215122707-66f68a7705f5/go.mod h1:rx4EB9NW4aZFJT5kxf6BWRWbZSThl36jv7O5o5r/qv8=
github.com/u-root/u-root v0.11.0 h1:6gCZLOeRyevw7gbTwMj3fKxnr9+yHFlgF3N7udUVNO8=
github.com/u-root/u-root v0.11.0/go.mod h1:DBkDtiZyONk9hzVEdB/PWI9B4TxDkElWlVTHseglrZY=
github.com/usbarmory/GoTEE v0.0.0-20240215171108-77a6b38432d5 h1:XJjhY/+my6o+h4hll02s7rMJrNtI2XqQBBcrx7Lp/2U=
github.com/usbarmory/GoTEE v0.0.0-20240215171108-77a6b38432d5/go.mod h1:YlZVucqxy/z5QWKerml3Vm5T14UOzZEs2kXfS1nilx8=
github.com/usbarmory/armory-boot v0.0.0-20230922092524-e66d926bc36c h1:qQL3CljMNrk9TyG8EUvCAPU7/bTVitJMhqlKSNhskis=
github.com/usbarmory/armory-boot v0.0.0-20230922092524-e66d926bc36c/go.mod h1:20DIzHJntbLDOptGT7TOm8DkT5mL2jRyzPzVXAYVHJ8=
github.com/usbarmory/crucible v0.0.0-20240221192724-1595f2219655 h1:n3JkWqsxKsbX2SKy+ac3v2rgEmTWfA/s0SC5kHlJGBY=
github.com/usbarmory/crucible v0.0.0-20240221192724-1595f2219655/go.mod h1:xEDojciFHw8iteMACinYDeHDn07V9MiS0KO0uCLRRnk=
github.com/usbarmory/imx-usbnet v0.0.0-20240304152630-ca189bf3b3c1 h1:Ba8KE+wt6bvbAqnN0lKjRwtdX6ud8J7Z2X2Ds+crEJQ=
github.com/usbarmory/imx-usbnet v0.0.0-20240304152630-ca189bf3b3c1/go.mod h1:gJsQWSa5rjprEZb8/NqDzoOPxk6LTuEPsPiqpbrEUjw=
github.com/usbarmory/imx-usbserial v0.0.0-20230503192150-40b6298b31f8 h1:VPruqXJEJxTweSRyx3NIkiIqQl9ppZHp4wZnL8+Y0aI=
github.com/usbarmory/imx-usbserial v0.0.0-20230503192150-40b6298b31f8/go.mod h1:XfTrYj8Ik3ljit1cSHTcsXs7lyJ/QMsplPDX8+g5s7c=
github.com/usbarmory/tamago v0.0.0-20220823080407-04f05cf2a5a3/go.mod h1:Lok79mjbJnhoBGqhX5cCUsZtSemsQF5FNZW+2R1dRr8=
github.com/usbarmory/tamago v0.0.0-20240306113720-d7dd77b4ed17 h1:G5IsBi3MGrJG7LG/bbCSBhue3zaFvIVJ5FHtt1BQE/Y=
github.com/usbarmory/tamago v0.0.0-20240306113720-d7dd77b4ed17/go.mod h1:uCPXcPo8SZulhZPz8irfVqzwVlPZ45w7CTJxkfxueGA=
golang.org/x/crypto v0.21.0 h1:X31++rzVUdKhX5sWmSOFZxx8UW/ldWx55cbf08iNAMA=
golang.org/x/crypto v0.21.0/go.mod h1:0BP7YvVV9gBbVKyeTG0Gyn+gZm94bibOW5BjDEYAOMs=
golang.org/x/mod v0.16.0 h1:QX4fJ0Rr5cPQCF7O9lh9Se4pmwfwskqZfq5moyldzic=
golang.org/x/mod v0.16.0/go.mod h1:hTbmBsO62+eylJbnUtE2MGJUyE7QWk4xUqPFrRgJ+7c=
golang.org/x/sync v0.6.0 h1:5BMeUDZ7vkXGfEr1x9B4bRcTH4lpkTkpdh0T/J+qjbQ=
golang.org/x/sync v0.6.0/go.mod h1:Czt+wKu1gCyEFDUtn0jG5QVvpJ6rzVqr5aXyt9drQfk=
golang.org/x/sys v0.0.0-20220811171246-fbc7d0a398ab/go.mod h1:oPkhp1MJrh7nUepCBck5+mAzfO9JrbApNNgaTdGDITg=
golang.org/x/sys v0.6.0/go.mod h1:oPkhp1MJrh7nUepCBck5+mAzfO9JrbApNNgaTdGDITg=
golang.org/x/sys v0.18.0 h1:DBdB3niSjOA/O0blCZBqDefyWNYveAYMNF1Wum0DYQ4=
golang.org/x/sys v0.18.0/go.mod h1:/VUhepiaJMQUp4+oa/7Zr1D23ma6VTLIYjOOTFZPUcA=
golang.org/x/time v0.5.0 h1:o7cqy6amK/52YcAKIPlM3a+Fpj35zvRj2TP+e1xFSfk=
golang.org/x/time v0.5.0/go.mod h1:3BpzKBy/shNhVucY/MWOyx10tF3SFh9QdLuxbVysPQM=
google.golang.org/protobuf v1.33.0 h1:uNO2rsAINq/JlFpSdYEKIZ0uKD/R9cpdv0T+yoGwGmI=
google.golang.org/protobuf v1.33.0/go.mod h1:c6P6GXX6sHbq/GpV6MGZEdwhWPcYBgnhAHhKbcUYpos=
gopkg.in/check.v1 v0.0.0-20161208181325-20d25e280405/go.mod h1:Co6ibVJAznAaIkqp8huTwlJQCZ016jof/cbN4VW5Yz0=
gopkg.in/check.v1 v1.0.0-20201130134442-10cb98267c6c h1:Hei/4ADfdWqJk1ZMxUNpqntNwaWcugrBjAiHlqqRiVk=
gopkg.in/check.v1 v1.0.0-20201130134442-10cb98267c6c/go.mod h1:JHkPIbrfpd72SG/EVd6muEfDQjcINNoR0C8j2r3qZ4Q=
gopkg.in/yaml.v2 v2.4.0 h1:D8xgwECY7CYvx+Y2n4sBz93Jn9JRvxdiyyo8CTfuKaY=
gopkg.in/yaml.v2 v2.4.0/go.mod h1:RDklbk79AGWmwhnvt/jBztapEOGDOx6ZbXqjP6csGnQ=
gopkg.in/yaml.v3 v3.0.0-20200313102051-9f266ea9e77c/go.mod h1:K4uyk7z7BCEPqu6E+C64Yfv1cQ7kz7rIZviUmN+EgEM=
gopkg.in/yaml.v3 v3.0.1 h1:fxVm/GzAzEWqLHuvctI91KS9hhNmmWOoWu0XTYJS7CA=
gopkg.in/yaml.v3 v3.0.1/go.mod h1:K4uyk7z7BCEPqu6E+C64Yfv1cQ7kz7rIZviUmN+EgEM=
gvisor.dev/gvisor v0.0.0-20240303010120-901d232cd101 h1:CWRJeXAL2jYZUJ01nRvS/b4+UxZM+/Iwkv5aQcUHRaI=
gvisor.dev/gvisor v0.0.0-20240303010120-901d232cd101/go.mod h1:NQHVAzMwvZ+Qe3ElSiHmq9RUm1MdNHpUZ52fiEqvn+0=
k8s.io/klog v1.0.0 h1:Pt+yjF5aB1xDSVbau4VsWe+dQNzA0qv1LlXdC2dF6Q8=
k8s.io/klog v1.0.0/go.mod h1:4Bi6QPql/J/LkTDqv7R/cd3hPo4k2DG6Ptcz060Ez5I=
